// !$*UTF8*$!
{
	archiveVersion = 1;
	classes = {
	};
	objectVersion = 77;
	objects = {

/* Begin PBXBuildFile section */
		035C085E9BF61AA956735D10 /* AssessmentDimension.swift in Sources */ = {isa = PBXBuildFile; fileRef = A0506112AFC19A280E69B8D6 /* AssessmentDimension.swift */; };
		07C946A13E2CF3F47E5ED70D /* DataRefreshController.swift in Sources */ = {isa = PBXBuildFile; fileRef = 712CEF354BD5C81A2476D62F /* DataRefreshController.swift */; };
		07EB568F3D3782B1603410BB /* CitationDrawer.swift in Sources */ = {isa = PBXBuildFile; fileRef = C9AA7E26D2B741141861C4ED /* CitationDrawer.swift */; };
		0CAD78122979C664CA2D9569 /* ExplanationCandidateCard.swift in Sources */ = {isa = PBXBuildFile; fileRef = 5932FED5D979ED5124FBC241 /* ExplanationCandidateCard.swift */; };
		0F46C62F53C2DEAD910196F2 /* SearchV2View.swift in Sources */ = {isa = PBXBuildFile; fileRef = B89EA77CF769DA837393CD28 /* SearchV2View.swift */; };
		12018F82E193F913796E24D7 /* BriefingDetailView.swift in Sources */ = {isa = PBXBuildFile; fileRef = 4E7EEC17B977847162C80CA9 /* BriefingDetailView.swift */; };
		157B399919FE5097D125B429 /* TodayV2View.swift in Sources */ = {isa = PBXBuildFile; fileRef = 4E4D3E7D0AE5A51F30E070DC /* TodayV2View.swift */; };
		180127DAFB62FB837D99CBF3 /* SkyStrings.swift in Sources */ = {isa = PBXBuildFile; fileRef = 629AB11751C54B5EFC60E3D3 /* SkyStrings.swift */; };
		1A396188950C8F4098A320B9 /* TodayViewModel.swift in Sources */ = {isa = PBXBuildFile; fileRef = 9B57A1C54BFEC05DAF2F2785 /* TodayViewModel.swift */; };
		1C4736BECD8944D28BAECD5E /* CaseScores.swift in Sources */ = {isa = PBXBuildFile; fileRef = E7E8936B7D57ECA025E3CDB4 /* CaseScores.swift */; };
		215E7AAAC9D83736BF748496 /* WelcomeFlow.swift in Sources */ = {isa = PBXBuildFile; fileRef = 374FDCC4BE40ECD85226F3C5 /* WelcomeFlow.swift */; };
		221232E938C3CA93C29AE0C3 /* ProvenanceRow.swift in Sources */ = {isa = PBXBuildFile; fileRef = 92EC178CEAD54F10577A85A2 /* ProvenanceRow.swift */; };
		276DD4723BA20FFBDE662329 /* SafariView.swift in Sources */ = {isa = PBXBuildFile; fileRef = 0E8732A08E3925612E808306 /* SafariView.swift */; };
		29E7CE47C61EA681AA56D372 /* MapClustering.swift in Sources */ = {isa = PBXBuildFile; fileRef = EB75E3796495DC6BE1BC9A95 /* MapClustering.swift */; };
		29EA8B5DBFCE1886BC1ACA4E /* WorldSkyPulse.swift in Sources */ = {isa = PBXBuildFile; fileRef = 1094C0BD682476D7749B1EE4 /* WorldSkyPulse.swift */; };
		2D425F4CEC4F990A8F59FD4D /* AppRouter.swift in Sources */ = {isa = PBXBuildFile; fileRef = 674D4ABD85913D34F3FD576B /* AppRouter.swift */; };
		2DA695F9A5B700ACA512597D /* SubscriptionTests.swift in Sources */ = {isa = PBXBuildFile; fileRef = 6CC3BAD3CC4147AB185ED29E /* SubscriptionTests.swift */; };
		3194D01D161A8ABE507CAD47 /* EvidenceItemRow.swift in Sources */ = {isa = PBXBuildFile; fileRef = F4510079DCE537561459673F /* EvidenceItemRow.swift */; };
		39608CCE460DC0CB1D73A4C9 /* SearchAndFilterTests.swift in Sources */ = {isa = PBXBuildFile; fileRef = DC754C4B0A390863E6879965 /* SearchAndFilterTests.swift */; };
		3AFF551F353555DBAE519B0E /* SkyMetrics.swift in Sources */ = {isa = PBXBuildFile; fileRef = D29C6CA24DCCA50D597B01E9 /* SkyMetrics.swift */; };
		3B3CA04950A7C8140D6D0F35 /* ArticleBlockView.swift in Sources */ = {isa = PBXBuildFile; fileRef = D5CA19F77E98058C2D2D9A47 /* ArticleBlockView.swift */; };
		3EB00056608E9DCD20AB4F4A /* MapV2View.swift in Sources */ = {isa = PBXBuildFile; fileRef = C0F23CB8EF99D8E73B6F8D5E /* MapV2View.swift */; };
		3F57CFC59B9056B444C9C3A9 /* SkyColor.swift in Sources */ = {isa = PBXBuildFile; fileRef = 6332843246EC2EB7BB9EFE95 /* SkyColor.swift */; };
		3F79F2C5B9D08235500A1D51 /* TodayView.swift in Sources */ = {isa = PBXBuildFile; fileRef = AB2F8A62C234B88B57CEBB6D /* TodayView.swift */; };
		3FB574B273660B7879D96025 /* SkyWidgets.swift in Sources */ = {isa = PBXBuildFile; fileRef = 1E9B8787FA03F497C7075131 /* SkyWidgets.swift */; };
		3FE889C0F3B784AA57B9BFC1 /* DesignGalleryView.swift in Sources */ = {isa = PBXBuildFile; fileRef = 57CC95F094FA2E924E0544B7 /* DesignGalleryView.swift */; };
		409C274CA8267D4A449B3F82 /* CaseDetailV2View.swift in Sources */ = {isa = PBXBuildFile; fileRef = 9A6D015D7AC088563C308D7C /* CaseDetailV2View.swift */; };
		41357D9733DA37A81C189D20 /* EvidenceItem.swift in Sources */ = {isa = PBXBuildFile; fileRef = 1F3497AD10E3F0B4D337F7C6 /* EvidenceItem.swift */; };
		441D9A47B259BC44922FEA31 /* MapViewModel.swift in Sources */ = {isa = PBXBuildFile; fileRef = D93A1AE7DC8C95B0641D255E /* MapViewModel.swift */; };
		4523DBF605B85F3B01EB04F1 /* ReleaseLinkAudit.swift in Sources */ = {isa = PBXBuildFile; fileRef = 959939AE654F09D34608CA84 /* ReleaseLinkAudit.swift */; };
		47E16CA3AA4E69D2F7A5CB0D /* UAPCase+V2.swift in Sources */ = {isa = PBXBuildFile; fileRef = 3ECC5374E01235FDE6113027 /* UAPCase+V2.swift */; };
		48822BEBAE868F1128D7F6E1 /* Loadable.swift in Sources */ = {isa = PBXBuildFile; fileRef = CEA96FE2D83DC2824C07A378 /* Loadable.swift */; };
		489245B7EDF5EC92055B2DC1 /* CaseSectionNavigator.swift in Sources */ = {isa = PBXBuildFile; fileRef = 4C21688E5CDDB9FA3861602C /* CaseSectionNavigator.swift */; };
		48D92EB1639168E0C6E33CDD /* TrustCenterView.swift in Sources */ = {isa = PBXBuildFile; fileRef = C28E98C35A30CE25E58F00E2 /* TrustCenterView.swift */; };
		49716FAC5E6CE2157AF83FA0 /* RootTabView.swift in Sources */ = {isa = PBXBuildFile; fileRef = 8B5BD4F6A6C02F353EFF2397 /* RootTabView.swift */; };
		4AD6706B3CE37A84C77C9572 /* AssessmentRows.swift in Sources */ = {isa = PBXBuildFile; fileRef = 8EF3FECB4EEFADAFBF99EA4F /* AssessmentRows.swift */; };
		4B6F7007FC83ECF29DDCBC68 /* GlobalSummaryHero.swift in Sources */ = {isa = PBXBuildFile; fileRef = 52D1D03C61F52F37A197E0A6 /* GlobalSummaryHero.swift */; };
		4C5FD4C0A59A8AABF767F6BB /* FeatureFlags.swift in Sources */ = {isa = PBXBuildFile; fileRef = BEC703945689AA47CFB9A642 /* FeatureFlags.swift */; };
		53145D49868F27C476F5157E /* FakeSubscriptionProvider.swift in Sources */ = {isa = PBXBuildFile; fileRef = 982029E5FE0AD6F3EAF510FF /* FakeSubscriptionProvider.swift */; };
		55A51F797BF5E99E840E1C09 /* AppEnvironment.swift in Sources */ = {isa = PBXBuildFile; fileRef = 151C01C4EF2598CC52402C14 /* AppEnvironment.swift */; };
		56BC26E0FFAE160CDAEB15AA /* AtmosphereCanvas.swift in Sources */ = {isa = PBXBuildFile; fileRef = 667E8A9E17CB16E026169185 /* AtmosphereCanvas.swift */; };
		584E87B86F999C92F4BFD3BF /* SkyCaseStatus.swift in Sources */ = {isa = PBXBuildFile; fileRef = 693AD27D66E51B66B6C0D1A2 /* SkyCaseStatus.swift */; };
		5CDB894FF1E547B48D689105 /* SkyMotion.swift in Sources */ = {isa = PBXBuildFile; fileRef = B2704C465AFD0EFA247329B5 /* SkyMotion.swift */; };
		5CF38555B246097CD5D3C910 /* CaseMediaSection.swift in Sources */ = {isa = PBXBuildFile; fileRef = 38E95CAC3B6EE61308AA4E65 /* CaseMediaSection.swift */; };
		5E2FD32ABA11EBB12977C227 /* LongFormView.swift in Sources */ = {isa = PBXBuildFile; fileRef = 937025684381826286246DEC /* LongFormView.swift */; };
		5F8193BDE52916C9B40D0102 /* AetherOrb.swift in Sources */ = {isa = PBXBuildFile; fileRef = 498A78322DF512BF71AEF20B /* AetherOrb.swift */; };
		5F8ECB719BF1E385B43537CA /* MediaAsset.swift in Sources */ = {isa = PBXBuildFile; fileRef = ECE58420B59468FFE9117DA1 /* MediaAsset.swift */; };
		632C7E10098EC71ADF1E20D5 /* PaywallView.swift in Sources */ = {isa = PBXBuildFile; fileRef = F4CC1112B6C76DB22B11F4F4 /* PaywallView.swift */; };
		638940725965282DEF6B869A /* FixtureBuilders.swift in Sources */ = {isa = PBXBuildFile; fileRef = 5331F88E0F82844C02A3432A /* FixtureBuilders.swift */; };
		64A5ED8730EFC19330D1F127 /* DataRefreshControllerTests.swift in Sources */ = {isa = PBXBuildFile; fileRef = 5A1026FC80A8672ECA9D9C43 /* DataRefreshControllerTests.swift */; };
		65B6EB9CCC77F1BBB0025461 /* Feed.swift in Sources */ = {isa = PBXBuildFile; fileRef = 3AEFA36B381ECAA5D9414672 /* Feed.swift */; };
		66F9A3122C1F377346C99252 /* Haptics.swift in Sources */ = {isa = PBXBuildFile; fileRef = 68BF5957D73922A79A311264 /* Haptics.swift */; };
		69A8C0377751FE7EB68F9721 /* CaseLeadVisual.swift in Sources */ = {isa = PBXBuildFile; fileRef = A898C0B49533E23424BCF26B /* CaseLeadVisual.swift */; };
		69F52F1706AB9200426C435B /* TimelineEntryView.swift in Sources */ = {isa = PBXBuildFile; fileRef = C60B825EC3ECD4F0F75F95DD /* TimelineEntryView.swift */; };
		6CB88972F866002CAB5B70F2 /* AppRouterTests.swift in Sources */ = {isa = PBXBuildFile; fileRef = A29ECD4872EB7AFF9A8490F5 /* AppRouterTests.swift */; };
		6DCA3B87802C54178D24FB9E /* SubscriptionStore.swift in Sources */ = {isa = PBXBuildFile; fileRef = 5B44A3BCEC3C61BA160872FE /* SubscriptionStore.swift */; };
		6F3E530B78ECC97A447BB7C3 /* UITestSupport.swift in Sources */ = {isa = PBXBuildFile; fileRef = 0A91FA887DFAE89405326CDF /* UITestSupport.swift */; };
		6F7EC5F59F64FA657F4D2016 /* RepositoryAndAuditTests.swift in Sources */ = {isa = PBXBuildFile; fileRef = 5F3BD02671FC85073C2B64A9 /* RepositoryAndAuditTests.swift */; };
		723BA8C23EF48BA98C3FB69E /* Localizable.xcstrings in Resources */ = {isa = PBXBuildFile; fileRef = 67B5537905874B4608C8CDAF /* Localizable.xcstrings */; };
		74A5C3E0E9B9DC782929CBBE /* ResearchView.swift in Sources */ = {isa = PBXBuildFile; fileRef = 030AB75F8BABF4F5072350E9 /* ResearchView.swift */; };
		7938F3636B25CABDA38E94A1 /* NotificationService.swift in Sources */ = {isa = PBXBuildFile; fileRef = 2FE9EDFFDB99527EE5A14D64 /* NotificationService.swift */; };
		7AF13CB120900DA1C30C0220 /* ArticleBlock.swift in Sources */ = {isa = PBXBuildFile; fileRef = 9FDAEEA537C3FBC706E85404 /* ArticleBlock.swift */; };
		7D32AAB63314B4F072A8D98C /* UAPCase.swift in Sources */ = {isa = PBXBuildFile; fileRef = 6F738CC99649D936FA1381C3 /* UAPCase.swift */; };
		83361EF909F94F325E36C760 /* PrivacyInfo.xcprivacy in Resources */ = {isa = PBXBuildFile; fileRef = A0A2A53B09FA325515C4399E /* PrivacyInfo.xcprivacy */; };
		845FD27BE06E7C981DE638C1 /* ScoreQuadrant.swift in Sources */ = {isa = PBXBuildFile; fileRef = 00E527CC01801B658B9C44CB /* ScoreQuadrant.swift */; };
		84E636A193E5A3318AD40233 /* CaseNavigation.swift in Sources */ = {isa = PBXBuildFile; fileRef = 5E126DCAEF4D95A202135E79 /* CaseNavigation.swift */; };
		86D20ECF07CC116618728B69 /* Surfaces.swift in Sources */ = {isa = PBXBuildFile; fileRef = FC1E8BC49F070184ED1445FB /* Surfaces.swift */; };
		8E4EE8E7768092F4FAE17A37 /* SkyTraceApp.swift in Sources */ = {isa = PBXBuildFile; fileRef = 092F606B9819F30A870F7935 /* SkyTraceApp.swift */; };
		8EA4134600A77303D750944C /* DemoFeed.swift in Sources */ = {isa = PBXBuildFile; fileRef = 43FD22C325F5420DAA4D649F /* DemoFeed.swift */; };
		92AA7F64A1E9B3A6C5CB3C4C /* FormattersTests.swift in Sources */ = {isa = PBXBuildFile; fileRef = 51259A2C1BF2FCD1083B155F /* FormattersTests.swift */; };
		976C74D26E99D66AA2688D7F /* DemoCases.swift in Sources */ = {isa = PBXBuildFile; fileRef = F8043E0A5A2F6903B0D87AF2 /* DemoCases.swift */; };
		99C427BC1A24DCAC3B8578A0 /* CaseCard.swift in Sources */ = {isa = PBXBuildFile; fileRef = 6FE87099BF190D986DE852F5 /* CaseCard.swift */; };
		9DAE82B5A28FEB9A05ABDF81 /* CaseDetailViewModel.swift in Sources */ = {isa = PBXBuildFile; fileRef = 02A4CCAF012763A25132146F /* CaseDetailViewModel.swift */; };
		A081A26D772EBF54D4218512 /* AppSettings.swift in Sources */ = {isa = PBXBuildFile; fileRef = F80107E16BC1EB1E2DB4E5F9 /* AppSettings.swift */; };
		A8D4FE5F6CBD73B840ED9153 /* SettingsView.swift in Sources */ = {isa = PBXBuildFile; fileRef = CD82956C6E78A6589F5E4A10 /* SettingsView.swift */; };
		A8EE80C98EF1267F317A3D26 /* SupportingModels.swift in Sources */ = {isa = PBXBuildFile; fileRef = 26E8868AE65A9C2FC55B54A0 /* SupportingModels.swift */; };
		A9BD65FFFF8854ED5AAAF306 /* StoreKitSubscriptionService.swift in Sources */ = {isa = PBXBuildFile; fileRef = 31FA74A6885BC31187B0A7CC /* StoreKitSubscriptionService.swift */; };
		AB893A441BD45E7270D18945 /* StateViews.swift in Sources */ = {isa = PBXBuildFile; fileRef = 158425E77198F72AC2C6314C /* StateViews.swift */; };
		BB91DA9A1EE04DFBA122C968 /* CriticalFlowUITests.swift in Sources */ = {isa = PBXBuildFile; fileRef = 34722BE008DD7C15D244A7AA /* CriticalFlowUITests.swift */; };
		BCC3C8F6352DC4D89D38B4E9 /* Assets.xcassets in Resources */ = {isa = PBXBuildFile; fileRef = A5B695147B29A161D102D504 /* Assets.xcassets */; };
		BE9F140D27D249C8AE77FC65 /* SourceRow.swift in Sources */ = {isa = PBXBuildFile; fileRef = 2423701FB737C254A6E85B5D /* SourceRow.swift */; };
		C14327CD0D83878E8484A989 /* CaseDetailView.swift in Sources */ = {isa = PBXBuildFile; fileRef = 588C75481F2AF8046B6152DF /* CaseDetailView.swift */; };
		C1E333679D11C48BBBEEE16B /* SubscriptionProviding.swift in Sources */ = {isa = PBXBuildFile; fileRef = 0981D75D939B69CBA2E996DD /* SubscriptionProviding.swift */; };
		C1F57EEEB42E40CEB8312F05 /* FixtureRepositories.swift in Sources */ = {isa = PBXBuildFile; fileRef = 45ADC738FDD5DAD37716100C /* FixtureRepositories.swift */; };
		C5D0FDB9EC904BFA04D97805 /* LegalPages.swift in Sources */ = {isa = PBXBuildFile; fileRef = 74750AA27D4C240AFD0C2FB9 /* LegalPages.swift */; };
		C773334B3BC3B01DF4BBEFCF /* EvidenceSection.swift in Sources */ = {isa = PBXBuildFile; fileRef = 6184EFB6691F8AF5F0D42C27 /* EvidenceSection.swift */; };
		C780E18FAF05AE065148766A /* LibraryStore.swift in Sources */ = {isa = PBXBuildFile; fileRef = 6259B15A69440E6EC6F6F846 /* LibraryStore.swift */; };
		C8459332FBA6CC9C24B40E86 /* Entitlement.swift in Sources */ = {isa = PBXBuildFile; fileRef = 2144702A8760BAF327D6A60D /* Entitlement.swift */; };
		C8E585B89ACE9467E8F7046F /* CaseExecutiveSummary.swift in Sources */ = {isa = PBXBuildFile; fileRef = 6C6E9170B1FDDEF5575352C7 /* CaseExecutiveSummary.swift */; };
		D26949DDAA6D953F2D63FA1C /* EditorialSurface.swift in Sources */ = {isa = PBXBuildFile; fileRef = 522244EBFB4F6D6F35A51496 /* EditorialSurface.swift */; };
		D3CC9A5BD954EE5824D5FF9F /* Badges.swift in Sources */ = {isa = PBXBuildFile; fileRef = F596881A263F09E6C604416F /* Badges.swift */; };
		D4775D7586C40CF7502C4D96 /* DailyBriefingCard.swift in Sources */ = {isa = PBXBuildFile; fileRef = BE82420FC441F7A8233C2031 /* DailyBriefingCard.swift */; };
		D673050401AAECACCCC8741A /* CaseEnums.swift in Sources */ = {isa = PBXBuildFile; fileRef = 5230D01A6A1926301120B13A /* CaseEnums.swift */; };
		E306FCF21CC299497535C624 /* Repositories.swift in Sources */ = {isa = PBXBuildFile; fileRef = 32DDBE8E6F31BC1A6B363B50 /* Repositories.swift */; };
		E3C0CE90F78E9E6932049037 /* Formatters.swift in Sources */ = {isa = PBXBuildFile; fileRef = 25160D8935484CCBDDCEDB80 /* Formatters.swift */; };
		E48B5D511453E5402EAA55CB /* ObservationGlyph.swift in Sources */ = {isa = PBXBuildFile; fileRef = 4E87B50385C9C4551D9F3C64 /* ObservationGlyph.swift */; };
		E58035BD79F63FF88203947E /* FixtureIntegrityTests.swift in Sources */ = {isa = PBXBuildFile; fileRef = 59583FFB99D7941792C86F77 /* FixtureIntegrityTests.swift */; };
		E722D3A28AF42DA974E9FEE2 /* CaseStatusGlyph.swift in Sources */ = {isa = PBXBuildFile; fileRef = 5CA08AB35C342CE8C5FF2FB8 /* CaseStatusGlyph.swift */; };
		E8ADB0D68D0AB7973D39FC9C /* ResearchViewModel.swift in Sources */ = {isa = PBXBuildFile; fileRef = DB4223072D0959A395A67F27 /* ResearchViewModel.swift */; };
		EADF23A5600C4B4816EF01AD /* ScreenshotUITests.swift in Sources */ = {isa = PBXBuildFile; fileRef = 5BBC505C562007CDAD12D83D /* ScreenshotUITests.swift */; };
		F05714109B38378A22D3F218 /* MapView.swift in Sources */ = {isa = PBXBuildFile; fileRef = 21620563CD6840D06EB1C0A8 /* MapView.swift */; };
		F0DC57C596F7CB91394FD722 /* DemoArticles.swift in Sources */ = {isa = PBXBuildFile; fileRef = E64425384FF789DBB4FE2631 /* DemoArticles.swift */; };
		F73C15B4D078F0B4EAC2820E /* PremiumLockView.swift in Sources */ = {isa = PBXBuildFile; fileRef = 9FC132C8845AB22419FB2EC0 /* PremiumLockView.swift */; };
/* End PBXBuildFile section */

/* Begin PBXContainerItemProxy section */
		203CE1F9F7574C4A80759C8F /* PBXContainerItemProxy */ = {
			isa = PBXContainerItemProxy;
			containerPortal = 0E74BC493E8B6A186A41927B /* Project object */;
			proxyType = 1;
			remoteGlobalIDString = FE27EBEFD5761DF9AF3DE81E;
			remoteInfo = SkyTrace;
		};
		F2FC8C641750C374B47680DC /* PBXContainerItemProxy */ = {
			isa = PBXContainerItemProxy;
			containerPortal = 0E74BC493E8B6A186A41927B /* Project object */;
			proxyType = 1;
			remoteGlobalIDString = FE27EBEFD5761DF9AF3DE81E;
			remoteInfo = SkyTrace;
		};
/* End PBXContainerItemProxy section */

/* Begin PBXFileReference section */
		00E527CC01801B658B9C44CB /* ScoreQuadrant.swift */ = {isa = PBXFileReference; lastKnownFileType = sourcecode.swift; path = ScoreQuadrant.swift; sourceTree = "<group>"; };
		02A4CCAF012763A25132146F /* CaseDetailViewModel.swift */ = {isa = PBXFileReference; lastKnownFileType = sourcecode.swift; path = CaseDetailViewModel.swift; sourceTree = "<group>"; };
		030AB75F8BABF4F5072350E9 /* ResearchView.swift */ = {isa = PBXFileReference; lastKnownFileType = sourcecode.swift; path = ResearchView.swift; sourceTree = "<group>"; };
		048F5F3E928252A10778F247 /* SkyTrace.app */ = {isa = PBXFileReference; includeInIndex = 0; lastKnownFileType = wrapper.application; path = SkyTrace.app; sourceTree = BUILT_PRODUCTS_DIR; };
		092F606B9819F30A870F7935 /* SkyTraceApp.swift */ = {isa = PBXFileReference; lastKnownFileType = sourcecode.swift; path = SkyTraceApp.swift; sourceTree = "<group>"; };
		0981D75D939B69CBA2E996DD /* SubscriptionProviding.swift */ = {isa = PBXFileReference; lastKnownFileType = sourcecode.swift; path = SubscriptionProviding.swift; sourceTree = "<group>"; };
		0A91FA887DFAE89405326CDF /* UITestSupport.swift */ = {isa = PBXFileReference; lastKnownFileType = sourcecode.swift; path = UITestSupport.swift; sourceTree = "<group>"; };
		0E8732A08E3925612E808306 /* SafariView.swift */ = {isa = PBXFileReference; lastKnownFileType = sourcecode.swift; path = SafariView.swift; sourceTree = "<group>"; };
		1094C0BD682476D7749B1EE4 /* WorldSkyPulse.swift */ = {isa = PBXFileReference; lastKnownFileType = sourcecode.swift; path = WorldSkyPulse.swift; sourceTree = "<group>"; };
		151C01C4EF2598CC52402C14 /* AppEnvironment.swift */ = {isa = PBXFileReference; lastKnownFileType = sourcecode.swift; path = AppEnvironment.swift; sourceTree = "<group>"; };
		158425E77198F72AC2C6314C /* StateViews.swift */ = {isa = PBXFileReference; lastKnownFileType = sourcecode.swift; path = StateViews.swift; sourceTree = "<group>"; };
		1E9B8787FA03F497C7075131 /* SkyWidgets.swift */ = {isa = PBXFileReference; lastKnownFileType = sourcecode.swift; path = SkyWidgets.swift; sourceTree = "<group>"; };
		1F3497AD10E3F0B4D337F7C6 /* EvidenceItem.swift */ = {isa = PBXFileReference; lastKnownFileType = sourcecode.swift; path = EvidenceItem.swift; sourceTree = "<group>"; };
		2144702A8760BAF327D6A60D /* Entitlement.swift */ = {isa = PBXFileReference; lastKnownFileType = sourcecode.swift; path = Entitlement.swift; sourceTree = "<group>"; };
		21620563CD6840D06EB1C0A8 /* MapView.swift */ = {isa = PBXFileReference; lastKnownFileType = sourcecode.swift; path = MapView.swift; sourceTree = "<group>"; };
		2423701FB737C254A6E85B5D /* SourceRow.swift */ = {isa = PBXFileReference; lastKnownFileType = sourcecode.swift; path = SourceRow.swift; sourceTree = "<group>"; };
		25160D8935484CCBDDCEDB80 /* Formatters.swift */ = {isa = PBXFileReference; lastKnownFileType = sourcecode.swift; path = Formatters.swift; sourceTree = "<group>"; };
		26E8868AE65A9C2FC55B54A0 /* SupportingModels.swift */ = {isa = PBXFileReference; lastKnownFileType = sourcecode.swift; path = SupportingModels.swift; sourceTree = "<group>"; };
		2FE9EDFFDB99527EE5A14D64 /* NotificationService.swift */ = {isa = PBXFileReference; lastKnownFileType = sourcecode.swift; path = NotificationService.swift; sourceTree = "<group>"; };
		31FA74A6885BC31187B0A7CC /* StoreKitSubscriptionService.swift */ = {isa = PBXFileReference; lastKnownFileType = sourcecode.swift; path = StoreKitSubscriptionService.swift; sourceTree = "<group>"; };
		32DDBE8E6F31BC1A6B363B50 /* Repositories.swift */ = {isa = PBXFileReference; lastKnownFileType = sourcecode.swift; path = Repositories.swift; sourceTree = "<group>"; };
		34722BE008DD7C15D244A7AA /* CriticalFlowUITests.swift */ = {isa = PBXFileReference; lastKnownFileType = sourcecode.swift; path = CriticalFlowUITests.swift; sourceTree = "<group>"; };
		374FDCC4BE40ECD85226F3C5 /* WelcomeFlow.swift */ = {isa = PBXFileReference; lastKnownFileType = sourcecode.swift; path = WelcomeFlow.swift; sourceTree = "<group>"; };
		38E95CAC3B6EE61308AA4E65 /* CaseMediaSection.swift */ = {isa = PBXFileReference; lastKnownFileType = sourcecode.swift; path = CaseMediaSection.swift; sourceTree = "<group>"; };
		3AEFA36B381ECAA5D9414672 /* Feed.swift */ = {isa = PBXFileReference; lastKnownFileType = sourcecode.swift; path = Feed.swift; sourceTree = "<group>"; };
		3ECC5374E01235FDE6113027 /* UAPCase+V2.swift */ = {isa = PBXFileReference; lastKnownFileType = sourcecode.swift; path = "UAPCase+V2.swift"; sourceTree = "<group>"; };
		43FD22C325F5420DAA4D649F /* DemoFeed.swift */ = {isa = PBXFileReference; lastKnownFileType = sourcecode.swift; path = DemoFeed.swift; sourceTree = "<group>"; };
		45ADC738FDD5DAD37716100C /* FixtureRepositories.swift */ = {isa = PBXFileReference; lastKnownFileType = sourcecode.swift; path = FixtureRepositories.swift; sourceTree = "<group>"; };
		498A78322DF512BF71AEF20B /* AetherOrb.swift */ = {isa = PBXFileReference; lastKnownFileType = sourcecode.swift; path = AetherOrb.swift; sourceTree = "<group>"; };
		4C21688E5CDDB9FA3861602C /* CaseSectionNavigator.swift */ = {isa = PBXFileReference; lastKnownFileType = sourcecode.swift; path = CaseSectionNavigator.swift; sourceTree = "<group>"; };
		4E4D3E7D0AE5A51F30E070DC /* TodayV2View.swift */ = {isa = PBXFileReference; lastKnownFileType = sourcecode.swift; path = TodayV2View.swift; sourceTree = "<group>"; };
		4E7EEC17B977847162C80CA9 /* BriefingDetailView.swift */ = {isa = PBXFileReference; lastKnownFileType = sourcecode.swift; path = BriefingDetailView.swift; sourceTree = "<group>"; };
		4E87B50385C9C4551D9F3C64 /* ObservationGlyph.swift */ = {isa = PBXFileReference; lastKnownFileType = sourcecode.swift; path = ObservationGlyph.swift; sourceTree = "<group>"; };
		51259A2C1BF2FCD1083B155F /* FormattersTests.swift */ = {isa = PBXFileReference; lastKnownFileType = sourcecode.swift; path = FormattersTests.swift; sourceTree = "<group>"; };
		522244EBFB4F6D6F35A51496 /* EditorialSurface.swift */ = {isa = PBXFileReference; lastKnownFileType = sourcecode.swift; path = EditorialSurface.swift; sourceTree = "<group>"; };
		5230D01A6A1926301120B13A /* CaseEnums.swift */ = {isa = PBXFileReference; lastKnownFileType = sourcecode.swift; path = CaseEnums.swift; sourceTree = "<group>"; };
		52D1D03C61F52F37A197E0A6 /* GlobalSummaryHero.swift */ = {isa = PBXFileReference; lastKnownFileType = sourcecode.swift; path = GlobalSummaryHero.swift; sourceTree = "<group>"; };
		5331F88E0F82844C02A3432A /* FixtureBuilders.swift */ = {isa = PBXFileReference; lastKnownFileType = sourcecode.swift; path = FixtureBuilders.swift; sourceTree = "<group>"; };
		5687617DB5FAC6BE6C70042B /* Info.plist */ = {isa = PBXFileReference; lastKnownFileType = text.plist; path = Info.plist; sourceTree = "<group>"; };
		57CC95F094FA2E924E0544B7 /* DesignGalleryView.swift */ = {isa = PBXFileReference; lastKnownFileType = sourcecode.swift; path = DesignGalleryView.swift; sourceTree = "<group>"; };
		588C75481F2AF8046B6152DF /* CaseDetailView.swift */ = {isa = PBXFileReference; lastKnownFileType = sourcecode.swift; path = CaseDetailView.swift; sourceTree = "<group>"; };
		5932FED5D979ED5124FBC241 /* ExplanationCandidateCard.swift */ = {isa = PBXFileReference; lastKnownFileType = sourcecode.swift; path = ExplanationCandidateCard.swift; sourceTree = "<group>"; };
		59583FFB99D7941792C86F77 /* FixtureIntegrityTests.swift */ = {isa = PBXFileReference; lastKnownFileType = sourcecode.swift; path = FixtureIntegrityTests.swift; sourceTree = "<group>"; };
		5A1026FC80A8672ECA9D9C43 /* DataRefreshControllerTests.swift */ = {isa = PBXFileReference; lastKnownFileType = sourcecode.swift; path = DataRefreshControllerTests.swift; sourceTree = "<group>"; };
		5B44A3BCEC3C61BA160872FE /* SubscriptionStore.swift */ = {isa = PBXFileReference; lastKnownFileType = sourcecode.swift; path = SubscriptionStore.swift; sourceTree = "<group>"; };
		5BBC505C562007CDAD12D83D /* ScreenshotUITests.swift */ = {isa = PBXFileReference; lastKnownFileType = sourcecode.swift; path = ScreenshotUITests.swift; sourceTree = "<group>"; };
		5CA08AB35C342CE8C5FF2FB8 /* CaseStatusGlyph.swift */ = {isa = PBXFileReference; lastKnownFileType = sourcecode.swift; path = CaseStatusGlyph.swift; sourceTree = "<group>"; };
		5E126DCAEF4D95A202135E79 /* CaseNavigation.swift */ = {isa = PBXFileReference; lastKnownFileType = sourcecode.swift; path = CaseNavigation.swift; sourceTree = "<group>"; };
		5F3BD02671FC85073C2B64A9 /* RepositoryAndAuditTests.swift */ = {isa = PBXFileReference; lastKnownFileType = sourcecode.swift; path = RepositoryAndAuditTests.swift; sourceTree = "<group>"; };
		6184EFB6691F8AF5F0D42C27 /* EvidenceSection.swift */ = {isa = PBXFileReference; lastKnownFileType = sourcecode.swift; path = EvidenceSection.swift; sourceTree = "<group>"; };
		6259B15A69440E6EC6F6F846 /* LibraryStore.swift */ = {isa = PBXFileReference; lastKnownFileType = sourcecode.swift; path = LibraryStore.swift; sourceTree = "<group>"; };
		629AB11751C54B5EFC60E3D3 /* SkyStrings.swift */ = {isa = PBXFileReference; lastKnownFileType = sourcecode.swift; path = SkyStrings.swift; sourceTree = "<group>"; };
		6332843246EC2EB7BB9EFE95 /* SkyColor.swift */ = {isa = PBXFileReference; lastKnownFileType = sourcecode.swift; path = SkyColor.swift; sourceTree = "<group>"; };
		667E8A9E17CB16E026169185 /* AtmosphereCanvas.swift */ = {isa = PBXFileReference; lastKnownFileType = sourcecode.swift; path = AtmosphereCanvas.swift; sourceTree = "<group>"; };
		674D4ABD85913D34F3FD576B /* AppRouter.swift */ = {isa = PBXFileReference; lastKnownFileType = sourcecode.swift; path = AppRouter.swift; sourceTree = "<group>"; };
		67B5537905874B4608C8CDAF /* Localizable.xcstrings */ = {isa = PBXFileReference; lastKnownFileType = text.json.xcstrings; path = Localizable.xcstrings; sourceTree = "<group>"; };
		68BF5957D73922A79A311264 /* Haptics.swift */ = {isa = PBXFileReference; lastKnownFileType = sourcecode.swift; path = Haptics.swift; sourceTree = "<group>"; };
		693AD27D66E51B66B6C0D1A2 /* SkyCaseStatus.swift */ = {isa = PBXFileReference; lastKnownFileType = sourcecode.swift; path = SkyCaseStatus.swift; sourceTree = "<group>"; };
		6C6E9170B1FDDEF5575352C7 /* CaseExecutiveSummary.swift */ = {isa = PBXFileReference; lastKnownFileType = sourcecode.swift; path = CaseExecutiveSummary.swift; sourceTree = "<group>"; };
		6CC3BAD3CC4147AB185ED29E /* SubscriptionTests.swift */ = {isa = PBXFileReference; lastKnownFileType = sourcecode.swift; path = SubscriptionTests.swift; sourceTree = "<group>"; };
		6F738CC99649D936FA1381C3 /* UAPCase.swift */ = {isa = PBXFileReference; lastKnownFileType = sourcecode.swift; path = UAPCase.swift; sourceTree = "<group>"; };
		6FE87099BF190D986DE852F5 /* CaseCard.swift */ = {isa = PBXFileReference; lastKnownFileType = sourcecode.swift; path = CaseCard.swift; sourceTree = "<group>"; };
		712CEF354BD5C81A2476D62F /* DataRefreshController.swift */ = {isa = PBXFileReference; lastKnownFileType = sourcecode.swift; path = DataRefreshController.swift; sourceTree = "<group>"; };
		74750AA27D4C240AFD0C2FB9 /* LegalPages.swift */ = {isa = PBXFileReference; lastKnownFileType = sourcecode.swift; path = LegalPages.swift; sourceTree = "<group>"; };
		8B5BD4F6A6C02F353EFF2397 /* RootTabView.swift */ = {isa = PBXFileReference; lastKnownFileType = sourcecode.swift; path = RootTabView.swift; sourceTree = "<group>"; };
		8EF3FECB4EEFADAFBF99EA4F /* AssessmentRows.swift */ = {isa = PBXFileReference; lastKnownFileType = sourcecode.swift; path = AssessmentRows.swift; sourceTree = "<group>"; };
		92EC178CEAD54F10577A85A2 /* ProvenanceRow.swift */ = {isa = PBXFileReference; lastKnownFileType = sourcecode.swift; path = ProvenanceRow.swift; sourceTree = "<group>"; };
		937025684381826286246DEC /* LongFormView.swift */ = {isa = PBXFileReference; lastKnownFileType = sourcecode.swift; path = LongFormView.swift; sourceTree = "<group>"; };
		959939AE654F09D34608CA84 /* ReleaseLinkAudit.swift */ = {isa = PBXFileReference; lastKnownFileType = sourcecode.swift; path = ReleaseLinkAudit.swift; sourceTree = "<group>"; };
		982029E5FE0AD6F3EAF510FF /* FakeSubscriptionProvider.swift */ = {isa = PBXFileReference; lastKnownFileType = sourcecode.swift; path = FakeSubscriptionProvider.swift; sourceTree = "<group>"; };
		9A6D015D7AC088563C308D7C /* CaseDetailV2View.swift */ = {isa = PBXFileReference; lastKnownFileType = sourcecode.swift; path = CaseDetailV2View.swift; sourceTree = "<group>"; };
		9B57A1C54BFEC05DAF2F2785 /* TodayViewModel.swift */ = {isa = PBXFileReference; lastKnownFileType = sourcecode.swift; path = TodayViewModel.swift; sourceTree = "<group>"; };
		9FC132C8845AB22419FB2EC0 /* PremiumLockView.swift */ = {isa = PBXFileReference; lastKnownFileType = sourcecode.swift; path = PremiumLockView.swift; sourceTree = "<group>"; };
		9FDAEEA537C3FBC706E85404 /* ArticleBlock.swift */ = {isa = PBXFileReference; lastKnownFileType = sourcecode.swift; path = ArticleBlock.swift; sourceTree = "<group>"; };
		A0506112AFC19A280E69B8D6 /* AssessmentDimension.swift */ = {isa = PBXFileReference; lastKnownFileType = sourcecode.swift; path = AssessmentDimension.swift; sourceTree = "<group>"; };
		A0A2A53B09FA325515C4399E /* PrivacyInfo.xcprivacy */ = {isa = PBXFileReference; path = PrivacyInfo.xcprivacy; sourceTree = "<group>"; };
		A29ECD4872EB7AFF9A8490F5 /* AppRouterTests.swift */ = {isa = PBXFileReference; lastKnownFileType = sourcecode.swift; path = AppRouterTests.swift; sourceTree = "<group>"; };
		A5B695147B29A161D102D504 /* Assets.xcassets */ = {isa = PBXFileReference; lastKnownFileType = folder.assetcatalog; path = Assets.xcassets; sourceTree = "<group>"; };
		A898C0B49533E23424BCF26B /* CaseLeadVisual.swift */ = {isa = PBXFileReference; lastKnownFileType = sourcecode.swift; path = CaseLeadVisual.swift; sourceTree = "<group>"; };
		AB2F8A62C234B88B57CEBB6D /* TodayView.swift */ = {isa = PBXFileReference; lastKnownFileType = sourcecode.swift; path = TodayView.swift; sourceTree = "<group>"; };
		B2704C465AFD0EFA247329B5 /* SkyMotion.swift */ = {isa = PBXFileReference; lastKnownFileType = sourcecode.swift; path = SkyMotion.swift; sourceTree = "<group>"; };
		B89EA77CF769DA837393CD28 /* SearchV2View.swift */ = {isa = PBXFileReference; lastKnownFileType = sourcecode.swift; path = SearchV2View.swift; sourceTree = "<group>"; };
		BE82420FC441F7A8233C2031 /* DailyBriefingCard.swift */ = {isa = PBXFileReference; lastKnownFileType = sourcecode.swift; path = DailyBriefingCard.swift; sourceTree = "<group>"; };
		BEC703945689AA47CFB9A642 /* FeatureFlags.swift */ = {isa = PBXFileReference; lastKnownFileType = sourcecode.swift; path = FeatureFlags.swift; sourceTree = "<group>"; };
		C0F23CB8EF99D8E73B6F8D5E /* MapV2View.swift */ = {isa = PBXFileReference; lastKnownFileType = sourcecode.swift; path = MapV2View.swift; sourceTree = "<group>"; };
		C28E98C35A30CE25E58F00E2 /* TrustCenterView.swift */ = {isa = PBXFileReference; lastKnownFileType = sourcecode.swift; path = TrustCenterView.swift; sourceTree = "<group>"; };
		C60B825EC3ECD4F0F75F95DD /* TimelineEntryView.swift */ = {isa = PBXFileReference; lastKnownFileType = sourcecode.swift; path = TimelineEntryView.swift; sourceTree = "<group>"; };
		C9AA7E26D2B741141861C4ED /* CitationDrawer.swift */ = {isa = PBXFileReference; lastKnownFileType = sourcecode.swift; path = CitationDrawer.swift; sourceTree = "<group>"; };
		CD82956C6E78A6589F5E4A10 /* SettingsView.swift */ = {isa = PBXFileReference; lastKnownFileType = sourcecode.swift; path = SettingsView.swift; sourceTree = "<group>"; };
		CEA96FE2D83DC2824C07A378 /* Loadable.swift */ = {isa = PBXFileReference; lastKnownFileType = sourcecode.swift; path = Loadable.swift; sourceTree = "<group>"; };
		D29C6CA24DCCA50D597B01E9 /* SkyMetrics.swift */ = {isa = PBXFileReference; lastKnownFileType = sourcecode.swift; path = SkyMetrics.swift; sourceTree = "<group>"; };
		D5CA19F77E98058C2D2D9A47 /* ArticleBlockView.swift */ = {isa = PBXFileReference; lastKnownFileType = sourcecode.swift; path = ArticleBlockView.swift; sourceTree = "<group>"; };
		D93A1AE7DC8C95B0641D255E /* MapViewModel.swift */ = {isa = PBXFileReference; lastKnownFileType = sourcecode.swift; path = MapViewModel.swift; sourceTree = "<group>"; };
		DB4223072D0959A395A67F27 /* ResearchViewModel.swift */ = {isa = PBXFileReference; lastKnownFileType = sourcecode.swift; path = ResearchViewModel.swift; sourceTree = "<group>"; };
		DC754C4B0A390863E6879965 /* SearchAndFilterTests.swift */ = {isa = PBXFileReference; lastKnownFileType = sourcecode.swift; path = SearchAndFilterTests.swift; sourceTree = "<group>"; };
		E64425384FF789DBB4FE2631 /* DemoArticles.swift */ = {isa = PBXFileReference; lastKnownFileType = sourcecode.swift; path = DemoArticles.swift; sourceTree = "<group>"; };
		E65B5FE3DC69E286D2F678AC /* SkyTraceUITests.xctest */ = {isa = PBXFileReference; includeInIndex = 0; lastKnownFileType = wrapper.cfbundle; path = SkyTraceUITests.xctest; sourceTree = BUILT_PRODUCTS_DIR; };
		E7E8936B7D57ECA025E3CDB4 /* CaseScores.swift */ = {isa = PBXFileReference; lastKnownFileType = sourcecode.swift; path = CaseScores.swift; sourceTree = "<group>"; };
		EB75E3796495DC6BE1BC9A95 /* MapClustering.swift */ = {isa = PBXFileReference; lastKnownFileType = sourcecode.swift; path = MapClustering.swift; sourceTree = "<group>"; };
		ECE58420B59468FFE9117DA1 /* MediaAsset.swift */ = {isa = PBXFileReference; lastKnownFileType = sourcecode.swift; path = MediaAsset.swift; sourceTree = "<group>"; };
		F4510079DCE537561459673F /* EvidenceItemRow.swift */ = {isa = PBXFileReference; lastKnownFileType = sourcecode.swift; path = EvidenceItemRow.swift; sourceTree = "<group>"; };
		F4CC1112B6C76DB22B11F4F4 /* PaywallView.swift */ = {isa = PBXFileReference; lastKnownFileType = sourcecode.swift; path = PaywallView.swift; sourceTree = "<group>"; };
		F596881A263F09E6C604416F /* Badges.swift */ = {isa = PBXFileReference; lastKnownFileType = sourcecode.swift; path = Badges.swift; sourceTree = "<group>"; };
		F80107E16BC1EB1E2DB4E5F9 /* AppSettings.swift */ = {isa = PBXFileReference; lastKnownFileType = sourcecode.swift; path = AppSettings.swift; sourceTree = "<group>"; };
		F8043E0A5A2F6903B0D87AF2 /* DemoCases.swift */ = {isa = PBXFileReference; lastKnownFileType = sourcecode.swift; path = DemoCases.swift; sourceTree = "<group>"; };
		FC1E8BC49F070184ED1445FB /* Surfaces.swift */ = {isa = PBXFileReference; lastKnownFileType = sourcecode.swift; path = Surfaces.swift; sourceTree = "<group>"; };
		FF4A6F2F9C0E7C686B266710 /* SkyTraceTests.xctest */ = {isa = PBXFileReference; includeInIndex = 0; lastKnownFileType = wrapper.cfbundle; path = SkyTraceTests.xctest; sourceTree = BUILT_PRODUCTS_DIR; };
/* End PBXFileReference section */

/* Begin PBXGroup section */
		04C418B1C4ACF79DC9D76BC2 = {
			isa = PBXGroup;
			children = (
				7F2B59ED0B8D4414223EE1E5 /* SkyTrace */,
				C6C6E4D8E7993769DE267245 /* SkyTraceTests */,
				AC3039E87722702769F64E2D /* SkyTraceUITests */,
				C69B1C820B1DEAA0ED49E629 /* Products */,
			);
			sourceTree = "<group>";
		};
		072CEF1AED8075BEB016DDD6 /* CaseDetail */ = {
			isa = PBXGroup;
			children = (
				D5CA19F77E98058C2D2D9A47 /* ArticleBlockView.swift */,
				9A6D015D7AC088563C308D7C /* CaseDetailV2View.swift */,
				588C75481F2AF8046B6152DF /* CaseDetailView.swift */,
				02A4CCAF012763A25132146F /* CaseDetailViewModel.swift */,
				5E126DCAEF4D95A202135E79 /* CaseNavigation.swift */,
			);
			path = CaseDetail;
			sourceTree = "<group>";
		};
		0733EEB2ADEB876EBF174B93 /* DesignSystem */ = {
			isa = PBXGroup;
			children = (
				9C501FF2490BAD81E4B5D1FC /* Components */,
				FB786C45B779F82219EE37B2 /* Modifiers */,
				C99D3D427B7F14352A5B0364 /* Status */,
				E8FEC290F0336931EB2524EF /* Tokens */,
			);
			path = DesignSystem;
			sourceTree = "<group>";
		};
		121FB23D887E786AC03AA447 /* Domain */ = {
			isa = PBXGroup;
			children = (
				B1500C717B86C6E3D17F6EAE /* Models */,
				7C47321B4FF3A71586F79581 /* Repositories */,
			);
			path = Domain;
			sourceTree = "<group>";
		};
		15F9B97F5B591F7DE9B2C657 /* App */ = {
			isa = PBXGroup;
			children = (
				151C01C4EF2598CC52402C14 /* AppEnvironment.swift */,
				674D4ABD85913D34F3FD576B /* AppRouter.swift */,
				F80107E16BC1EB1E2DB4E5F9 /* AppSettings.swift */,
				712CEF354BD5C81A2476D62F /* DataRefreshController.swift */,
				8B5BD4F6A6C02F353EFF2397 /* RootTabView.swift */,
				0E8732A08E3925612E808306 /* SafariView.swift */,
				092F606B9819F30A870F7935 /* SkyTraceApp.swift */,
				0A91FA887DFAE89405326CDF /* UITestSupport.swift */,
			);
			path = App;
			sourceTree = "<group>";
		};
		180400B8BE67364B1EFBF109 /* Map */ = {
			isa = PBXGroup;
			children = (
				EB75E3796495DC6BE1BC9A95 /* MapClustering.swift */,
				C0F23CB8EF99D8E73B6F8D5E /* MapV2View.swift */,
				21620563CD6840D06EB1C0A8 /* MapView.swift */,
				D93A1AE7DC8C95B0641D255E /* MapViewModel.swift */,
			);
			path = Map;
			sourceTree = "<group>";
		};
		1EFAEB5C4215A7DDD0D82487 /* Today */ = {
			isa = PBXGroup;
			children = (
				4E4D3E7D0AE5A51F30E070DC /* TodayV2View.swift */,
				AB2F8A62C234B88B57CEBB6D /* TodayView.swift */,
				9B57A1C54BFEC05DAF2F2785 /* TodayViewModel.swift */,
			);
			path = Today;
			sourceTree = "<group>";
		};
		2A53DCC415509A3592ECBB3C /* StateViews */ = {
			isa = PBXGroup;
			children = (
				158425E77198F72AC2C6314C /* StateViews.swift */,
			);
			path = StateViews;
			sourceTree = "<group>";
		};
		349849C32834A6C3265A6DA7 /* Services */ = {
			isa = PBXGroup;
			children = (
				982029E5FE0AD6F3EAF510FF /* FakeSubscriptionProvider.swift */,
				68BF5957D73922A79A311264 /* Haptics.swift */,
				CEA96FE2D83DC2824C07A378 /* Loadable.swift */,
				2FE9EDFFDB99527EE5A14D64 /* NotificationService.swift */,
				959939AE654F09D34608CA84 /* ReleaseLinkAudit.swift */,
				31FA74A6885BC31187B0A7CC /* StoreKitSubscriptionService.swift */,
				5B44A3BCEC3C61BA160872FE /* SubscriptionStore.swift */,
			);
			path = Services;
			sourceTree = "<group>";
		};
		402AE22248A49BC12A9E87C6 /* DevGallery */ = {
			isa = PBXGroup;
			children = (
				57CC95F094FA2E924E0544B7 /* DesignGalleryView.swift */,
			);
			path = DevGallery;
			sourceTree = "<group>";
		};
		4B4AF03DFCD8F342F5D3BB3B /* LongForm */ = {
			isa = PBXGroup;
			children = (
				937025684381826286246DEC /* LongFormView.swift */,
			);
			path = LongForm;
			sourceTree = "<group>";
		};
		58A8DB58B5B5E8A4C16E3984 /* Subscription */ = {
			isa = PBXGroup;
			children = (
				F4CC1112B6C76DB22B11F4F4 /* PaywallView.swift */,
			);
			path = Subscription;
			sourceTree = "<group>";
		};
		595E11D9A128869B52D25746 /* Data */ = {
			isa = PBXGroup;
			children = (
				C1500A8CF4AD45A44FCA094C /* Fixtures */,
				D1F7D2ADC93D7BB92F8B5D3B /* Repositories */,
			);
			path = Data;
			sourceTree = "<group>";
		};
		7C47321B4FF3A71586F79581 /* Repositories */ = {
			isa = PBXGroup;
			children = (
				32DDBE8E6F31BC1A6B363B50 /* Repositories.swift */,
				0981D75D939B69CBA2E996DD /* SubscriptionProviding.swift */,
			);
			path = Repositories;
			sourceTree = "<group>";
		};
		7F2B59ED0B8D4414223EE1E5 /* SkyTrace */ = {
			isa = PBXGroup;
			children = (
				15F9B97F5B591F7DE9B2C657 /* App */,
				595E11D9A128869B52D25746 /* Data */,
				0733EEB2ADEB876EBF174B93 /* DesignSystem */,
				121FB23D887E786AC03AA447 /* Domain */,
				F8E81F20B8443B347965607A /* Features */,
				A74115CA56E3AF518952FC79 /* Resources */,
				349849C32834A6C3265A6DA7 /* Services */,
				A5E4D0DA83968951F9A65BDD /* Utilities */,
				C07E555814A17C516473E360 /* Widgets */,
			);
			path = SkyTrace;
			sourceTree = "<group>";
		};
		943DFA21C8C3FBDEE683737E /* Briefing */ = {
			isa = PBXGroup;
			children = (
				4E7EEC17B977847162C80CA9 /* BriefingDetailView.swift */,
			);
			path = Briefing;
			sourceTree = "<group>";
		};
		9C501FF2490BAD81E4B5D1FC /* Components */ = {
			isa = PBXGroup;
			children = (
				498A78322DF512BF71AEF20B /* AetherOrb.swift */,
				8EF3FECB4EEFADAFBF99EA4F /* AssessmentRows.swift */,
				667E8A9E17CB16E026169185 /* AtmosphereCanvas.swift */,
				F596881A263F09E6C604416F /* Badges.swift */,
				6FE87099BF190D986DE852F5 /* CaseCard.swift */,
				6C6E9170B1FDDEF5575352C7 /* CaseExecutiveSummary.swift */,
				A898C0B49533E23424BCF26B /* CaseLeadVisual.swift */,
				38E95CAC3B6EE61308AA4E65 /* CaseMediaSection.swift */,
				4C21688E5CDDB9FA3861602C /* CaseSectionNavigator.swift */,
				C9AA7E26D2B741141861C4ED /* CitationDrawer.swift */,
				BE82420FC441F7A8233C2031 /* DailyBriefingCard.swift */,
				522244EBFB4F6D6F35A51496 /* EditorialSurface.swift */,
				F4510079DCE537561459673F /* EvidenceItemRow.swift */,
				6184EFB6691F8AF5F0D42C27 /* EvidenceSection.swift */,
				5932FED5D979ED5124FBC241 /* ExplanationCandidateCard.swift */,
				52D1D03C61F52F37A197E0A6 /* GlobalSummaryHero.swift */,
				4E87B50385C9C4551D9F3C64 /* ObservationGlyph.swift */,
				9FC132C8845AB22419FB2EC0 /* PremiumLockView.swift */,
				92EC178CEAD54F10577A85A2 /* ProvenanceRow.swift */,
				00E527CC01801B658B9C44CB /* ScoreQuadrant.swift */,
				2423701FB737C254A6E85B5D /* SourceRow.swift */,
				C60B825EC3ECD4F0F75F95DD /* TimelineEntryView.swift */,
				1094C0BD682476D7749B1EE4 /* WorldSkyPulse.swift */,
				2A53DCC415509A3592ECBB3C /* StateViews */,
			);
			path = Components;
			sourceTree = "<group>";
		};
		A5E4D0DA83968951F9A65BDD /* Utilities */ = {
			isa = PBXGroup;
			children = (
				BEC703945689AA47CFB9A642 /* FeatureFlags.swift */,
			);
			path = Utilities;
			sourceTree = "<group>";
		};
		A74115CA56E3AF518952FC79 /* Resources */ = {
			isa = PBXGroup;
			children = (
				A5B695147B29A161D102D504 /* Assets.xcassets */,
				5687617DB5FAC6BE6C70042B /* Info.plist */,
				67B5537905874B4608C8CDAF /* Localizable.xcstrings */,
				A0A2A53B09FA325515C4399E /* PrivacyInfo.xcprivacy */,
				629AB11751C54B5EFC60E3D3 /* SkyStrings.swift */,
			);
			path = Resources;
			sourceTree = "<group>";
		};
		AC3039E87722702769F64E2D /* SkyTraceUITests */ = {
			isa = PBXGroup;
			children = (
				34722BE008DD7C15D244A7AA /* CriticalFlowUITests.swift */,
				5BBC505C562007CDAD12D83D /* ScreenshotUITests.swift */,
			);
			path = SkyTraceUITests;
			sourceTree = "<group>";
		};
		B087DDDA65A1B258455CE7E9 /* Welcome */ = {
			isa = PBXGroup;
			children = (
				374FDCC4BE40ECD85226F3C5 /* WelcomeFlow.swift */,
			);
			path = Welcome;
			sourceTree = "<group>";
		};
		B1500C717B86C6E3D17F6EAE /* Models */ = {
			isa = PBXGroup;
			children = (
				9FDAEEA537C3FBC706E85404 /* ArticleBlock.swift */,
				A0506112AFC19A280E69B8D6 /* AssessmentDimension.swift */,
				5230D01A6A1926301120B13A /* CaseEnums.swift */,
				E7E8936B7D57ECA025E3CDB4 /* CaseScores.swift */,
				2144702A8760BAF327D6A60D /* Entitlement.swift */,
				1F3497AD10E3F0B4D337F7C6 /* EvidenceItem.swift */,
				3AEFA36B381ECAA5D9414672 /* Feed.swift */,
				ECE58420B59468FFE9117DA1 /* MediaAsset.swift */,
				26E8868AE65A9C2FC55B54A0 /* SupportingModels.swift */,
				6F738CC99649D936FA1381C3 /* UAPCase.swift */,
				3ECC5374E01235FDE6113027 /* UAPCase+V2.swift */,
			);
			path = Models;
			sourceTree = "<group>";
		};
		BA23A7EA56C72723E66D9F47 /* Settings */ = {
			isa = PBXGroup;
			children = (
				74750AA27D4C240AFD0C2FB9 /* LegalPages.swift */,
				CD82956C6E78A6589F5E4A10 /* SettingsView.swift */,
				C28E98C35A30CE25E58F00E2 /* TrustCenterView.swift */,
			);
			path = Settings;
			sourceTree = "<group>";
		};
		C07E555814A17C516473E360 /* Widgets */ = {
			isa = PBXGroup;
			children = (
				1E9B8787FA03F497C7075131 /* SkyWidgets.swift */,
			);
			path = Widgets;
			sourceTree = "<group>";
		};
		C1500A8CF4AD45A44FCA094C /* Fixtures */ = {
			isa = PBXGroup;
			children = (
				E64425384FF789DBB4FE2631 /* DemoArticles.swift */,
				F8043E0A5A2F6903B0D87AF2 /* DemoCases.swift */,
				43FD22C325F5420DAA4D649F /* DemoFeed.swift */,
				5331F88E0F82844C02A3432A /* FixtureBuilders.swift */,
			);
			path = Fixtures;
			sourceTree = "<group>";
		};
		C69B1C820B1DEAA0ED49E629 /* Products */ = {
			isa = PBXGroup;
			children = (
				048F5F3E928252A10778F247 /* SkyTrace.app */,
				FF4A6F2F9C0E7C686B266710 /* SkyTraceTests.xctest */,
				E65B5FE3DC69E286D2F678AC /* SkyTraceUITests.xctest */,
			);
			name = Products;
			sourceTree = "<group>";
		};
		C6C6E4D8E7993769DE267245 /* SkyTraceTests */ = {
			isa = PBXGroup;
			children = (
				A29ECD4872EB7AFF9A8490F5 /* AppRouterTests.swift */,
				5A1026FC80A8672ECA9D9C43 /* DataRefreshControllerTests.swift */,
				59583FFB99D7941792C86F77 /* FixtureIntegrityTests.swift */,
				51259A2C1BF2FCD1083B155F /* FormattersTests.swift */,
				5F3BD02671FC85073C2B64A9 /* RepositoryAndAuditTests.swift */,
				DC754C4B0A390863E6879965 /* SearchAndFilterTests.swift */,
				6CC3BAD3CC4147AB185ED29E /* SubscriptionTests.swift */,
			);
			path = SkyTraceTests;
			sourceTree = "<group>";
		};
		C99D3D427B7F14352A5B0364 /* Status */ = {
			isa = PBXGroup;
			children = (
				5CA08AB35C342CE8C5FF2FB8 /* CaseStatusGlyph.swift */,
				693AD27D66E51B66B6C0D1A2 /* SkyCaseStatus.swift */,
			);
			path = Status;
			sourceTree = "<group>";
		};
		CC702F996AA0E9AACA182973 /* Research */ = {
			isa = PBXGroup;
			children = (
				030AB75F8BABF4F5072350E9 /* ResearchView.swift */,
				DB4223072D0959A395A67F27 /* ResearchViewModel.swift */,
				B89EA77CF769DA837393CD28 /* SearchV2View.swift */,
			);
			path = Research;
			sourceTree = "<group>";
		};
		D1F7D2ADC93D7BB92F8B5D3B /* Repositories */ = {
			isa = PBXGroup;
			children = (
				45ADC738FDD5DAD37716100C /* FixtureRepositories.swift */,
				6259B15A69440E6EC6F6F846 /* LibraryStore.swift */,
			);
			path = Repositories;
			sourceTree = "<group>";
		};
		E8FEC290F0336931EB2524EF /* Tokens */ = {
			isa = PBXGroup;
			children = (
				25160D8935484CCBDDCEDB80 /* Formatters.swift */,
				6332843246EC2EB7BB9EFE95 /* SkyColor.swift */,
				D29C6CA24DCCA50D597B01E9 /* SkyMetrics.swift */,
				B2704C465AFD0EFA247329B5 /* SkyMotion.swift */,
			);
			path = Tokens;
			sourceTree = "<group>";
		};
		F8E81F20B8443B347965607A /* Features */ = {
			isa = PBXGroup;
			children = (
				943DFA21C8C3FBDEE683737E /* Briefing */,
				072CEF1AED8075BEB016DDD6 /* CaseDetail */,
				402AE22248A49BC12A9E87C6 /* DevGallery */,
				4B4AF03DFCD8F342F5D3BB3B /* LongForm */,
				180400B8BE67364B1EFBF109 /* Map */,
				CC702F996AA0E9AACA182973 /* Research */,
				BA23A7EA56C72723E66D9F47 /* Settings */,
				58A8DB58B5B5E8A4C16E3984 /* Subscription */,
				1EFAEB5C4215A7DDD0D82487 /* Today */,
				B087DDDA65A1B258455CE7E9 /* Welcome */,
			);
			path = Features;
			sourceTree = "<group>";
		};
		FB786C45B779F82219EE37B2 /* Modifiers */ = {
			isa = PBXGroup;
			children = (
				FC1E8BC49F070184ED1445FB /* Surfaces.swift */,
			);
			path = Modifiers;
			sourceTree = "<group>";
		};
/* End PBXGroup section */

/* Begin PBXNativeTarget section */
		DEFEA585FC96D6FD28FD034A /* SkyTraceUITests */ = {
			isa = PBXNativeTarget;
			buildConfigurationList = 2FFA5B978A2CF5DCA5E86FA0 /* Build configuration list for PBXNativeTarget "SkyTraceUITests" */;
			buildPhases = (
				0414A4D8F151B9EB4742515B /* Sources */,
			);
			buildRules = (
			);
			dependencies = (
				FDCBDDB47F2437D94E16A5CC /* PBXTargetDependency */,
			);
			name = SkyTraceUITests;
			packageProductDependencies = (
			);
			productName = SkyTraceUITests;
			productReference = E65B5FE3DC69E286D2F678AC /* SkyTraceUITests.xctest */;
			productType = "com.apple.product-type.bundle.ui-testing";
		};
		ECC83ACFF3CAAD194D12A011 /* SkyTraceTests */ = {
			isa = PBXNativeTarget;
			buildConfigurationList = 59BE4D224F129145C6C20CFD /* Build configuration list for PBXNativeTarget "SkyTraceTests" */;
			buildPhases = (
				A0E17CA85A9A50D91F224F99 /* Sources */,
			);
			buildRules = (
			);
			dependencies = (
				0000993FC2A4B01CEDEE3A4A /* PBXTargetDependency */,
			);
			name = SkyTraceTests;
			packageProductDependencies = (
			);
			productName = SkyTraceTests;
			productReference = FF4A6F2F9C0E7C686B266710 /* SkyTraceTests.xctest */;
			productType = "com.apple.product-type.bundle.unit-test";
		};
		FE27EBEFD5761DF9AF3DE81E /* SkyTrace */ = {
			isa = PBXNativeTarget;
			buildConfigurationList = F035A56D6CFCB99C07398330 /* Build configuration list for PBXNativeTarget "SkyTrace" */;
			buildPhases = (
				B70FA7323C6BD8310709083B /* Sources */,
				319E3C7DAC7EE7D9DD93D39D /* Resources */,
			);
			buildRules = (
			);
			dependencies = (
			);
			name = SkyTrace;
			packageProductDependencies = (
			);
			productName = SkyTrace;
			productReference = 048F5F3E928252A10778F247 /* SkyTrace.app */;
			productType = "com.apple.product-type.application";
		};
/* End PBXNativeTarget section */

/* Begin PBXProject section */
		0E74BC493E8B6A186A41927B /* Project object */ = {
			isa = PBXProject;
			attributes = {
				BuildIndependentTargetsInParallel = YES;
				LastUpgradeCheck = 1430;
				TargetAttributes = {
					DEFEA585FC96D6FD28FD034A = {
						DevelopmentTeam = "";
						ProvisioningStyle = Automatic;
						TestTargetID = FE27EBEFD5761DF9AF3DE81E;
					};
					ECC83ACFF3CAAD194D12A011 = {
						DevelopmentTeam = "";
						ProvisioningStyle = Automatic;
					};
					FE27EBEFD5761DF9AF3DE81E = {
						DevelopmentTeam = "";
						ProvisioningStyle = Automatic;
					};
				};
			};
			buildConfigurationList = 163C6819B0998ED02A1859D0 /* Build configuration list for PBXProject "SkyTrace" */;
			developmentRegion = ja;
			hasScannedForEncodings = 0;
			knownRegions = (
				Base,
				ar,
				de,
				en,
				es,
				fr,
				hi,
				ja,
				ko,
				"pt-PT",
				ru,
				"zh-Hans",
				"zh-Hant",
			);
			mainGroup = 04C418B1C4ACF79DC9D76BC2;
			minimizedProjectReferenceProxies = 1;
			preferredProjectObjectVersion = 77;
			productRefGroup = C69B1C820B1DEAA0ED49E629 /* Products */;
			projectDirPath = "";
			projectRoot = "";
			targets = (
				FE27EBEFD5761DF9AF3DE81E /* SkyTrace */,
				ECC83ACFF3CAAD194D12A011 /* SkyTraceTests */,
				DEFEA585FC96D6FD28FD034A /* SkyTraceUITests */,
			);
		};
/* End PBXProject section */

/* Begin PBXResourcesBuildPhase section */
		319E3C7DAC7EE7D9DD93D39D /* Resources */ = {
			isa = PBXResourcesBuildPhase;
			buildActionMask = 2147483647;
			files = (
				BCC3C8F6352DC4D89D38B4E9 /* Assets.xcassets in Resources */,
				723BA8C23EF48BA98C3FB69E /* Localizable.xcstrings in Resources */,
				83361EF909F94F325E36C760 /* PrivacyInfo.xcprivacy in Resources */,
			);
			runOnlyForDeploymentPostprocessing = 0;
		};
/* End PBXResourcesBuildPhase section */

/* Begin PBXSourcesBuildPhase section */
		0414A4D8F151B9EB4742515B /* Sources */ = {
			isa = PBXSourcesBuildPhase;
			buildActionMask = 2147483647;
			files = (
				BB91DA9A1EE04DFBA122C968 /* CriticalFlowUITests.swift in Sources */,
				EADF23A5600C4B4816EF01AD /* ScreenshotUITests.swift in Sources */,
			);
			runOnlyForDeploymentPostprocessing = 0;
		};
		A0E17CA85A9A50D91F224F99 /* Sources */ = {
			isa = PBXSourcesBuildPhase;
			buildActionMask = 2147483647;
			files = (
				6CB88972F866002CAB5B70F2 /* AppRouterTests.swift in Sources */,
				64A5ED8730EFC19330D1F127 /* DataRefreshControllerTests.swift in Sources */,
				E58035BD79F63FF88203947E /* FixtureIntegrityTests.swift in Sources */,
				92AA7F64A1E9B3A6C5CB3C4C /* FormattersTests.swift in Sources */,
				6F7EC5F59F64FA657F4D2016 /* RepositoryAndAuditTests.swift in Sources */,
				39608CCE460DC0CB1D73A4C9 /* SearchAndFilterTests.swift in Sources */,
				2DA695F9A5B700ACA512597D /* SubscriptionTests.swift in Sources */,
			);
			runOnlyForDeploymentPostprocessing = 0;
		};
		B70FA7323C6BD8310709083B /* Sources */ = {
			isa = PBXSourcesBuildPhase;
			buildActionMask = 2147483647;
			files = (
				5F8193BDE52916C9B40D0102 /* AetherOrb.swift in Sources */,
				55A51F797BF5E99E840E1C09 /* AppEnvironment.swift in Sources */,
				2D425F4CEC4F990A8F59FD4D /* AppRouter.swift in Sources */,
				A081A26D772EBF54D4218512 /* AppSettings.swift in Sources */,
				7AF13CB120900DA1C30C0220 /* ArticleBlock.swift in Sources */,
				3B3CA04950A7C8140D6D0F35 /* ArticleBlockView.swift in Sources */,
				035C085E9BF61AA956735D10 /* AssessmentDimension.swift in Sources */,
				4AD6706B3CE37A84C77C9572 /* AssessmentRows.swift in Sources */,
				56BC26E0FFAE160CDAEB15AA /* AtmosphereCanvas.swift in Sources */,
				D3CC9A5BD954EE5824D5FF9F /* Badges.swift in Sources */,
				12018F82E193F913796E24D7 /* BriefingDetailView.swift in Sources */,
				99C427BC1A24DCAC3B8578A0 /* CaseCard.swift in Sources */,
				409C274CA8267D4A449B3F82 /* CaseDetailV2View.swift in Sources */,
				C14327CD0D83878E8484A989 /* CaseDetailView.swift in Sources */,
				9DAE82B5A28FEB9A05ABDF81 /* CaseDetailViewModel.swift in Sources */,
				D673050401AAECACCCC8741A /* CaseEnums.swift in Sources */,
				C8E585B89ACE9467E8F7046F /* CaseExecutiveSummary.swift in Sources */,
				69A8C0377751FE7EB68F9721 /* CaseLeadVisual.swift in Sources */,
				5CF38555B246097CD5D3C910 /* CaseMediaSection.swift in Sources */,
				84E636A193E5A3318AD40233 /* CaseNavigation.swift in Sources */,
				1C4736BECD8944D28BAECD5E /* CaseScores.swift in Sources */,
				489245B7EDF5EC92055B2DC1 /* CaseSectionNavigator.swift in Sources */,
				E722D3A28AF42DA974E9FEE2 /* CaseStatusGlyph.swift in Sources */,
				07EB568F3D3782B1603410BB /* CitationDrawer.swift in Sources */,
				D4775D7586C40CF7502C4D96 /* DailyBriefingCard.swift in Sources */,
				07C946A13E2CF3F47E5ED70D /* DataRefreshController.swift in Sources */,
				F0DC57C596F7CB91394FD722 /* DemoArticles.swift in Sources */,
				976C74D26E99D66AA2688D7F /* DemoCases.swift in Sources */,
				8EA4134600A77303D750944C /* DemoFeed.swift in Sources */,
				3FE889C0F3B784AA57B9BFC1 /* DesignGalleryView.swift in Sources */,
				D26949DDAA6D953F2D63FA1C /* EditorialSurface.swift in Sources */,
				C8459332FBA6CC9C24B40E86 /* Entitlement.swift in Sources */,
				41357D9733DA37A81C189D20 /* EvidenceItem.swift in Sources */,
				3194D01D161A8ABE507CAD47 /* EvidenceItemRow.swift in Sources */,
				C773334B3BC3B01DF4BBEFCF /* EvidenceSection.swift in Sources */,
				0CAD78122979C664CA2D9569 /* ExplanationCandidateCard.swift in Sources */,
				53145D49868F27C476F5157E /* FakeSubscriptionProvider.swift in Sources */,
				4C5FD4C0A59A8AABF767F6BB /* FeatureFlags.swift in Sources */,
				65B6EB9CCC77F1BBB0025461 /* Feed.swift in Sources */,
				638940725965282DEF6B869A /* FixtureBuilders.swift in Sources */,
				C1F57EEEB42E40CEB8312F05 /* FixtureRepositories.swift in Sources */,
				E3C0CE90F78E9E6932049037 /* Formatters.swift in Sources */,
				4B6F7007FC83ECF29DDCBC68 /* GlobalSummaryHero.swift in Sources */,
				66F9A3122C1F377346C99252 /* Haptics.swift in Sources */,
				C5D0FDB9EC904BFA04D97805 /* LegalPages.swift in Sources */,
				C780E18FAF05AE065148766A /* LibraryStore.swift in Sources */,
				48822BEBAE868F1128D7F6E1 /* Loadable.swift in Sources */,
				5E2FD32ABA11EBB12977C227 /* LongFormView.swift in Sources */,
				29E7CE47C61EA681AA56D372 /* MapClustering.swift in Sources */,
				3EB00056608E9DCD20AB4F4A /* MapV2View.swift in Sources */,
				F05714109B38378A22D3F218 /* MapView.swift in Sources */,
				441D9A47B259BC44922FEA31 /* MapViewModel.swift in Sources */,
				5F8ECB719BF1E385B43537CA /* MediaAsset.swift in Sources */,
				7938F3636B25CABDA38E94A1 /* NotificationService.swift in Sources */,
				E48B5D511453E5402EAA55CB /* ObservationGlyph.swift in Sources */,
				632C7E10098EC71ADF1E20D5 /* PaywallView.swift in Sources */,
				F73C15B4D078F0B4EAC2820E /* PremiumLockView.swift in Sources */,
				221232E938C3CA93C29AE0C3 /* ProvenanceRow.swift in Sources */,
				4523DBF605B85F3B01EB04F1 /* ReleaseLinkAudit.swift in Sources */,
				E306FCF21CC299497535C624 /* Repositories.swift in Sources */,
				74A5C3E0E9B9DC782929CBBE /* ResearchView.swift in Sources */,
				E8ADB0D68D0AB7973D39FC9C /* ResearchViewModel.swift in Sources */,
				49716FAC5E6CE2157AF83FA0 /* RootTabView.swift in Sources */,
				276DD4723BA20FFBDE662329 /* SafariView.swift in Sources */,
				845FD27BE06E7C981DE638C1 /* ScoreQuadrant.swift in Sources */,
				0F46C62F53C2DEAD910196F2 /* SearchV2View.swift in Sources */,
				A8D4FE5F6CBD73B840ED9153 /* SettingsView.swift in Sources */,
				584E87B86F999C92F4BFD3BF /* SkyCaseStatus.swift in Sources */,
				3F57CFC59B9056B444C9C3A9 /* SkyColor.swift in Sources */,
				3AFF551F353555DBAE519B0E /* SkyMetrics.swift in Sources */,
				5CDB894FF1E547B48D689105 /* SkyMotion.swift in Sources */,
				180127DAFB62FB837D99CBF3 /* SkyStrings.swift in Sources */,
				8E4EE8E7768092F4FAE17A37 /* SkyTraceApp.swift in Sources */,
				3FB574B273660B7879D96025 /* SkyWidgets.swift in Sources */,
				BE9F140D27D249C8AE77FC65 /* SourceRow.swift in Sources */,
				AB893A441BD45E7270D18945 /* StateViews.swift in Sources */,
				A9BD65FFFF8854ED5AAAF306 /* StoreKitSubscriptionService.swift in Sources */,
				C1E333679D11C48BBBEEE16B /* SubscriptionProviding.swift in Sources */,
				6DCA3B87802C54178D24FB9E /* SubscriptionStore.swift in Sources */,
				A8EE80C98EF1267F317A3D26 /* SupportingModels.swift in Sources */,
				86D20ECF07CC116618728B69 /* Surfaces.swift in Sources */,
				69F52F1706AB9200426C435B /* TimelineEntryView.swift in Sources */,
				157B399919FE5097D125B429 /* TodayV2View.swift in Sources */,
				3F79F2C5B9D08235500A1D51 /* TodayView.swift in Sources */,
				1A396188950C8F4098A320B9 /* TodayViewModel.swift in Sources */,
				48D92EB1639168E0C6E33CDD /* TrustCenterView.swift in Sources */,
				47E16CA3AA4E69D2F7A5CB0D /* UAPCase+V2.swift in Sources */,
				7D32AAB63314B4F072A8D98C /* UAPCase.swift in Sources */,
				6F3E530B78ECC97A447BB7C3 /* UITestSupport.swift in Sources */,
				215E7AAAC9D83736BF748496 /* WelcomeFlow.swift in Sources */,
				29EA8B5DBFCE1886BC1ACA4E /* WorldSkyPulse.swift in Sources */,
			);
			runOnlyForDeploymentPostprocessing = 0;
		};
/* End PBXSourcesBuildPhase section */

/* Begin PBXTargetDependency section */
		0000993FC2A4B01CEDEE3A4A /* PBXTargetDependency */ = {
			isa = PBXTargetDependency;
			target = FE27EBEFD5761DF9AF3DE81E /* SkyTrace */;
			targetProxy = 203CE1F9F7574C4A80759C8F /* PBXContainerItemProxy */;
		};
		FDCBDDB47F2437D94E16A5CC /* PBXTargetDependency */ = {
			isa = PBXTargetDependency;
			target = FE27EBEFD5761DF9AF3DE81E /* SkyTrace */;
			targetProxy = F2FC8C641750C374B47680DC /* PBXContainerItemProxy */;
		};
/* End PBXTargetDependency section */

/* Begin XCBuildConfiguration section */
		189E587AF7E3979B7B429596 /* Release */ = {
			isa = XCBuildConfiguration;
			buildSettings = {
				ALWAYS_SEARCH_USER_PATHS = NO;
				CLANG_ANALYZER_NONNULL = YES;
				CLANG_ANALYZER_NUMBER_OBJECT_CONVERSION = YES_AGGRESSIVE;
				CLANG_CXX_LANGUAGE_STANDARD = "gnu++14";
				CLANG_CXX_LIBRARY = "libc++";
				CLANG_ENABLE_MODULES = YES;
				CLANG_ENABLE_OBJC_ARC = YES;
				CLANG_ENABLE_OBJC_WEAK = YES;
				CLANG_WARN_BLOCK_CAPTURE_AUTORELEASING = YES;
				CLANG_WARN_BOOL_CONVERSION = YES;
				CLANG_WARN_COMMA = YES;
				CLANG_WARN_CONSTANT_CONVERSION = YES;
				CLANG_WARN_DEPRECATED_OBJC_IMPLEMENTATIONS = YES;
				CLANG_WARN_DIRECT_OBJC_ISA_USAGE = YES_ERROR;
				CLANG_WARN_DOCUMENTATION_COMMENTS = YES;
				CLANG_WARN_EMPTY_BODY = YES;
				CLANG_WARN_ENUM_CONVERSION = YES;
				CLANG_WARN_INFINITE_RECURSION = YES;
				CLANG_WARN_INT_CONVERSION = YES;
				CLANG_WARN_NON_LITERAL_NULL_CONVERSION = YES;
				CLANG_WARN_OBJC_IMPLICIT_RETAIN_SELF = YES;
				CLANG_WARN_OBJC_LITERAL_CONVERSION = YES;
				CLANG_WARN_OBJC_ROOT_CLASS = YES_ERROR;
				CLANG_WARN_QUOTED_INCLUDE_IN_FRAMEWORK_HEADER = YES;
				CLANG_WARN_RANGE_LOOP_ANALYSIS = YES;
				CLANG_WARN_STRICT_PROTOTYPES = YES;
				CLANG_WARN_SUSPICIOUS_MOVE = YES;
				CLANG_WARN_UNGUARDED_AVAILABILITY = YES_AGGRESSIVE;
				CLANG_WARN_UNREACHABLE_CODE = YES;
				CLANG_WARN__DUPLICATE_METHOD_MATCH = YES;
				CODE_SIGN_STYLE = Automatic;
				COPY_PHASE_STRIP = NO;
				CURRENT_PROJECT_VERSION = 1;
				DEBUG_INFORMATION_FORMAT = "dwarf-with-dsym";
				DEVELOPMENT_TEAM = "";
				ENABLE_NS_ASSERTIONS = NO;
				ENABLE_STRICT_OBJC_MSGSEND = YES;
				ENABLE_USER_SCRIPT_SANDBOXING = YES;
				GCC_C_LANGUAGE_STANDARD = gnu11;
				GCC_NO_COMMON_BLOCKS = YES;
				GCC_WARN_64_TO_32_BIT_CONVERSION = YES;
				GCC_WARN_ABOUT_RETURN_TYPE = YES_ERROR;
				GCC_WARN_UNDECLARED_SELECTOR = YES;
				GCC_WARN_UNINITIALIZED_AUTOS = YES_AGGRESSIVE;
				GCC_WARN_UNUSED_FUNCTION = YES;
				GCC_WARN_UNUSED_VARIABLE = YES;
				GENERATE_INFOPLIST_FILE = NO;
				IPHONEOS_DEPLOYMENT_TARGET = 17.0;
				MARKETING_VERSION = 1.0.0;
				MTL_ENABLE_DEBUG_INFO = NO;
				MTL_FAST_MATH = YES;
				PRODUCT_NAME = "$(TARGET_NAME)";
				SDKROOT = iphoneos;
				SWIFT_COMPILATION_MODE = wholemodule;
				SWIFT_OPTIMIZATION_LEVEL = "-O";
				SWIFT_STRICT_CONCURRENCY = complete;
				SWIFT_VERSION = 6.0;
			};
			name = Release;
		};
		2481D5EE15687507328BC766 /* Staging */ = {
			isa = XCBuildConfiguration;
			buildSettings = {
				ALWAYS_SEARCH_USER_PATHS = NO;
				CLANG_ANALYZER_NONNULL = YES;
				CLANG_ANALYZER_NUMBER_OBJECT_CONVERSION = YES_AGGRESSIVE;
				CLANG_CXX_LANGUAGE_STANDARD = "gnu++14";
				CLANG_CXX_LIBRARY = "libc++";
				CLANG_ENABLE_MODULES = YES;
				CLANG_ENABLE_OBJC_ARC = YES;
				CLANG_ENABLE_OBJC_WEAK = YES;
				CLANG_WARN_BLOCK_CAPTURE_AUTORELEASING = YES;
				CLANG_WARN_BOOL_CONVERSION = YES;
				CLANG_WARN_COMMA = YES;
				CLANG_WARN_CONSTANT_CONVERSION = YES;
				CLANG_WARN_DEPRECATED_OBJC_IMPLEMENTATIONS = YES;
				CLANG_WARN_DIRECT_OBJC_ISA_USAGE = YES_ERROR;
				CLANG_WARN_DOCUMENTATION_COMMENTS = YES;
				CLANG_WARN_EMPTY_BODY = YES;
				CLANG_WARN_ENUM_CONVERSION = YES;
				CLANG_WARN_INFINITE_RECURSION = YES;
				CLANG_WARN_INT_CONVERSION = YES;
				CLANG_WARN_NON_LITERAL_NULL_CONVERSION = YES;
				CLANG_WARN_OBJC_IMPLICIT_RETAIN_SELF = YES;
				CLANG_WARN_OBJC_LITERAL_CONVERSION = YES;
				CLANG_WARN_OBJC_ROOT_CLASS = YES_ERROR;
				CLANG_WARN_QUOTED_INCLUDE_IN_FRAMEWORK_HEADER = YES;
				CLANG_WARN_RANGE_LOOP_ANALYSIS = YES;
				CLANG_WARN_STRICT_PROTOTYPES = YES;
				CLANG_WARN_SUSPICIOUS_MOVE = YES;
				CLANG_WARN_UNGUARDED_AVAILABILITY = YES_AGGRESSIVE;
				CLANG_WARN_UNREACHABLE_CODE = YES;
				CLANG_WARN__DUPLICATE_METHOD_MATCH = YES;
				CODE_SIGN_STYLE = Automatic;
				COPY_PHASE_STRIP = NO;
				CURRENT_PROJECT_VERSION = 1;
				DEBUG_INFORMATION_FORMAT = "dwarf-with-dsym";
				DEVELOPMENT_TEAM = "";
				ENABLE_NS_ASSERTIONS = NO;
				ENABLE_STRICT_OBJC_MSGSEND = YES;
				ENABLE_USER_SCRIPT_SANDBOXING = YES;
				GCC_C_LANGUAGE_STANDARD = gnu11;
				GCC_NO_COMMON_BLOCKS = YES;
				GCC_WARN_64_TO_32_BIT_CONVERSION = YES;
				GCC_WARN_ABOUT_RETURN_TYPE = YES_ERROR;
				GCC_WARN_UNDECLARED_SELECTOR = YES;
				GCC_WARN_UNINITIALIZED_AUTOS = YES_AGGRESSIVE;
				GCC_WARN_UNUSED_FUNCTION = YES;
				GCC_WARN_UNUSED_VARIABLE = YES;
				GENERATE_INFOPLIST_FILE = NO;
				IPHONEOS_DEPLOYMENT_TARGET = 17.0;
				MARKETING_VERSION = 1.0.0;
				MTL_ENABLE_DEBUG_INFO = NO;
				MTL_FAST_MATH = YES;
				PRODUCT_NAME = "$(TARGET_NAME)";
				SDKROOT = iphoneos;
				SWIFT_COMPILATION_MODE = wholemodule;
				SWIFT_OPTIMIZATION_LEVEL = "-O";
				SWIFT_STRICT_CONCURRENCY = complete;
				SWIFT_VERSION = 6.0;
			};
			name = Staging;
		};
		4E4E954A2354E0AEA37A5B9B /* Release */ = {
			isa = XCBuildConfiguration;
			buildSettings = {
				ASSETCATALOG_COMPILER_APPICON_NAME = AppIcon;
				ASSETCATALOG_COMPILER_GLOBAL_ACCENT_COLOR_NAME = AccentColor;
				CODE_SIGN_IDENTITY = "iPhone Developer";
				INFOPLIST_FILE = SkyTrace/Resources/Info.plist;
				LD_RUNPATH_SEARCH_PATHS = (
					"$(inherited)",
					"@executable_path/Frameworks",
				);
				PRODUCT_BUNDLE_IDENTIFIER = com.example.skytrace;
				SDKROOT = iphoneos;
				TARGETED_DEVICE_FAMILY = "1,2";
			};
			name = Release;
		};
		5078E37C39310725ED2841CB /* Staging */ = {
			isa = XCBuildConfiguration;
			buildSettings = {
				BUNDLE_LOADER = "$(TEST_HOST)";
				GENERATE_INFOPLIST_FILE = YES;
				LD_RUNPATH_SEARCH_PATHS = (
					"$(inherited)",
					"@executable_path/Frameworks",
					"@loader_path/Frameworks",
				);
				PRODUCT_BUNDLE_IDENTIFIER = com.example.skytrace.SkyTraceTests;
				SDKROOT = iphoneos;
				TARGETED_DEVICE_FAMILY = "1,2";
				TEST_HOST = "$(BUILT_PRODUCTS_DIR)/SkyTrace.app/SkyTrace";
			};
			name = Staging;
		};
		6B8290A324C247861D5BD91D /* Release */ = {
			isa = XCBuildConfiguration;
			buildSettings = {
				BUNDLE_LOADER = "$(TEST_HOST)";
				GENERATE_INFOPLIST_FILE = YES;
				LD_RUNPATH_SEARCH_PATHS = (
					"$(inherited)",
					"@executable_path/Frameworks",
					"@loader_path/Frameworks",
				);
				PRODUCT_BUNDLE_IDENTIFIER = com.example.skytrace.SkyTraceUITests;
				SDKROOT = iphoneos;
				TARGETED_DEVICE_FAMILY = "1,2";
				TEST_TARGET_NAME = SkyTrace;
			};
			name = Release;
		};
		7868312B8249E8E4AD13567F /* Staging */ = {
			isa = XCBuildConfiguration;
			buildSettings = {
				BUNDLE_LOADER = "$(TEST_HOST)";
				GENERATE_INFOPLIST_FILE = YES;
				LD_RUNPATH_SEARCH_PATHS = (
					"$(inherited)",
					"@executable_path/Frameworks",
					"@loader_path/Frameworks",
				);
				PRODUCT_BUNDLE_IDENTIFIER = com.example.skytrace.SkyTraceUITests;
				SDKROOT = iphoneos;
				TARGETED_DEVICE_FAMILY = "1,2";
				TEST_TARGET_NAME = SkyTrace;
			};
			name = Staging;
		};
		8E4D1A5BB1526CBCB9F56E39 /* Release */ = {
			isa = XCBuildConfiguration;
			buildSettings = {
				BUNDLE_LOADER = "$(TEST_HOST)";
				GENERATE_INFOPLIST_FILE = YES;
				LD_RUNPATH_SEARCH_PATHS = (
					"$(inherited)",
					"@executable_path/Frameworks",
					"@loader_path/Frameworks",
				);
				PRODUCT_BUNDLE_IDENTIFIER = com.example.skytrace.SkyTraceTests;
				SDKROOT = iphoneos;
				TARGETED_DEVICE_FAMILY = "1,2";
				TEST_HOST = "$(BUILT_PRODUCTS_DIR)/SkyTrace.app/SkyTrace";
			};
			name = Release;
		};
		9E1E8C4BB133445217B25BF4 /* Debug */ = {
			isa = XCBuildConfiguration;
			buildSettings = {
				ALWAYS_SEARCH_USER_PATHS = NO;
				CLANG_ANALYZER_NONNULL = YES;
				CLANG_ANALYZER_NUMBER_OBJECT_CONVERSION = YES_AGGRESSIVE;
				CLANG_CXX_LANGUAGE_STANDARD = "gnu++14";
				CLANG_CXX_LIBRARY = "libc++";
				CLANG_ENABLE_MODULES = YES;
				CLANG_ENABLE_OBJC_ARC = YES;
				CLANG_ENABLE_OBJC_WEAK = YES;
				CLANG_WARN_BLOCK_CAPTURE_AUTORELEASING = YES;
				CLANG_WARN_BOOL_CONVERSION = YES;
				CLANG_WARN_COMMA = YES;
				CLANG_WARN_CONSTANT_CONVERSION = YES;
				CLANG_WARN_DEPRECATED_OBJC_IMPLEMENTATIONS = YES;
				CLANG_WARN_DIRECT_OBJC_ISA_USAGE = YES_ERROR;
				CLANG_WARN_DOCUMENTATION_COMMENTS = YES;
				CLANG_WARN_EMPTY_BODY = YES;
				CLANG_WARN_ENUM_CONVERSION = YES;
				CLANG_WARN_INFINITE_RECURSION = YES;
				CLANG_WARN_INT_CONVERSION = YES;
				CLANG_WARN_NON_LITERAL_NULL_CONVERSION = YES;
				CLANG_WARN_OBJC_IMPLICIT_RETAIN_SELF = YES;
				CLANG_WARN_OBJC_LITERAL_CONVERSION = YES;
				CLANG_WARN_OBJC_ROOT_CLASS = YES_ERROR;
				CLANG_WARN_QUOTED_INCLUDE_IN_FRAMEWORK_HEADER = YES;
				CLANG_WARN_RANGE_LOOP_ANALYSIS = YES;
				CLANG_WARN_STRICT_PROTOTYPES = YES;
				CLANG_WARN_SUSPICIOUS_MOVE = YES;
				CLANG_WARN_UNGUARDED_AVAILABILITY = YES_AGGRESSIVE;
				CLANG_WARN_UNREACHABLE_CODE = YES;
				CLANG_WARN__DUPLICATE_METHOD_MATCH = YES;
				CODE_SIGN_STYLE = Automatic;
				COPY_PHASE_STRIP = NO;
				CURRENT_PROJECT_VERSION = 1;
				DEBUG_INFORMATION_FORMAT = dwarf;
				DEVELOPMENT_TEAM = "";
				ENABLE_STRICT_OBJC_MSGSEND = YES;
				ENABLE_TESTABILITY = YES;
				ENABLE_USER_SCRIPT_SANDBOXING = YES;
				GCC_C_LANGUAGE_STANDARD = gnu11;
				GCC_DYNAMIC_NO_PIC = NO;
				GCC_NO_COMMON_BLOCKS = YES;
				GCC_OPTIMIZATION_LEVEL = 0;
				GCC_PREPROCESSOR_DEFINITIONS = (
					"$(inherited)",
					"DEBUG=1",
				);
				GCC_WARN_64_TO_32_BIT_CONVERSION = YES;
				GCC_WARN_ABOUT_RETURN_TYPE = YES_ERROR;
				GCC_WARN_UNDECLARED_SELECTOR = YES;
				GCC_WARN_UNINITIALIZED_AUTOS = YES_AGGRESSIVE;
				GCC_WARN_UNUSED_FUNCTION = YES;
				GCC_WARN_UNUSED_VARIABLE = YES;
				GENERATE_INFOPLIST_FILE = NO;
				IPHONEOS_DEPLOYMENT_TARGET = 17.0;
				MARKETING_VERSION = 1.0.0;
				MTL_ENABLE_DEBUG_INFO = INCLUDE_SOURCE;
				MTL_FAST_MATH = YES;
				ONLY_ACTIVE_ARCH = YES;
				PRODUCT_NAME = "$(TARGET_NAME)";
				SDKROOT = iphoneos;
				SWIFT_ACTIVE_COMPILATION_CONDITIONS = DEBUG;
				SWIFT_OPTIMIZATION_LEVEL = "-Onone";
				SWIFT_STRICT_CONCURRENCY = complete;
				SWIFT_VERSION = 6.0;
			};
			name = Debug;
		};
		AB35A5190C9B5E4CB005127D /* Debug */ = {
			isa = XCBuildConfiguration;
			buildSettings = {
				BUNDLE_LOADER = "$(TEST_HOST)";
				GENERATE_INFOPLIST_FILE = YES;
				LD_RUNPATH_SEARCH_PATHS = (
					"$(inherited)",
					"@executable_path/Frameworks",
					"@loader_path/Frameworks",
				);
				PRODUCT_BUNDLE_IDENTIFIER = com.example.skytrace.SkyTraceUITests;
				SDKROOT = iphoneos;
				TARGETED_DEVICE_FAMILY = "1,2";
				TEST_TARGET_NAME = SkyTrace;
			};
			name = Debug;
		};
		B3C9B9BFF110C85D376BAC38 /* Debug */ = {
			isa = XCBuildConfiguration;
			buildSettings = {
				BUNDLE_LOADER = "$(TEST_HOST)";
				GENERATE_INFOPLIST_FILE = YES;
				LD_RUNPATH_SEARCH_PATHS = (
					"$(inherited)",
					"@executable_path/Frameworks",
					"@loader_path/Frameworks",
				);
				PRODUCT_BUNDLE_IDENTIFIER = com.example.skytrace.SkyTraceTests;
				SDKROOT = iphoneos;
				TARGETED_DEVICE_FAMILY = "1,2";
				TEST_HOST = "$(BUILT_PRODUCTS_DIR)/SkyTrace.app/SkyTrace";
			};
			name = Debug;
		};
		EF8D662A3AA489F3C272932C /* Debug */ = {
			isa = XCBuildConfiguration;
			buildSettings = {
				ASSETCATALOG_COMPILER_APPICON_NAME = AppIcon;
				ASSETCATALOG_COMPILER_GLOBAL_ACCENT_COLOR_NAME = AccentColor;
				CODE_SIGN_IDENTITY = "iPhone Developer";
				INFOPLIST_FILE = SkyTrace/Resources/Info.plist;
				LD_RUNPATH_SEARCH_PATHS = (
					"$(inherited)",
					"@executable_path/Frameworks",
				);
				PRODUCT_BUNDLE_IDENTIFIER = com.example.skytrace;
				SDKROOT = iphoneos;
				SWIFT_ACTIVE_COMPILATION_CONDITIONS = DEBUG;
				TARGETED_DEVICE_FAMILY = "1,2";
			};
			name = Debug;
		};
		F022DC2DB55590F93C412C8E /* Staging */ = {
			isa = XCBuildConfiguration;
			buildSettings = {
				ASSETCATALOG_COMPILER_APPICON_NAME = AppIcon;
				ASSETCATALOG_COMPILER_GLOBAL_ACCENT_COLOR_NAME = AccentColor;
				CODE_SIGN_IDENTITY = "iPhone Developer";
				INFOPLIST_FILE = SkyTrace/Resources/Info.plist;
				LD_RUNPATH_SEARCH_PATHS = (
					"$(inherited)",
					"@executable_path/Frameworks",
				);
				PRODUCT_BUNDLE_IDENTIFIER = com.example.skytrace.staging;
				SDKROOT = iphoneos;
				TARGETED_DEVICE_FAMILY = "1,2";
			};
			name = Staging;
		};
/* End XCBuildConfiguration section */

/* Begin XCConfigurationList section */
		163C6819B0998ED02A1859D0 /* Build configuration list for PBXProject "SkyTrace" */ = {
			isa = XCConfigurationList;
			buildConfigurations = (
				9E1E8C4BB133445217B25BF4 /* Debug */,
				189E587AF7E3979B7B429596 /* Release */,
				2481D5EE15687507328BC766 /* Staging */,
			);
			defaultConfigurationIsVisible = 0;
			defaultConfigurationName = Debug;
		};
		2FFA5B978A2CF5DCA5E86FA0 /* Build configuration list for PBXNativeTarget "SkyTraceUITests" */ = {
			isa = XCConfigurationList;
			buildConfigurations = (
				AB35A5190C9B5E4CB005127D /* Debug */,
				6B8290A324C247861D5BD91D /* Release */,
				7868312B8249E8E4AD13567F /* Staging */,
			);
			defaultConfigurationIsVisible = 0;
			defaultConfigurationName = Debug;
		};
		59BE4D224F129145C6C20CFD /* Build configuration list for PBXNativeTarget "SkyTraceTests" */ = {
			isa = XCConfigurationList;
			buildConfigurations = (
				B3C9B9BFF110C85D376BAC38 /* Debug */,
				8E4D1A5BB1526CBCB9F56E39 /* Release */,
				5078E37C39310725ED2841CB /* Staging */,
			);
			defaultConfigurationIsVisible = 0;
			defaultConfigurationName = Debug;
		};
		F035A56D6CFCB99C07398330 /* Build configuration list for PBXNativeTarget "SkyTrace" */ = {
			isa = XCConfigurationList;
			buildConfigurations = (
				EF8D662A3AA489F3C272932C /* Debug */,
				4E4E954A2354E0AEA37A5B9B /* Release */,
				F022DC2DB55590F93C412C8E /* Staging */,
			);
			defaultConfigurationIsVisible = 0;
			defaultConfigurationName = Debug;
		};
/* End XCConfigurationList section */
	};
	rootObject = 0E74BC493E8B6A186A41927B /* Project object */;
}
